// !$*UTF8*$!
{
	archiveVersion = 1;
	classes = {
	};
	objectVersion = 50;
	objects = {

/* Begin PBXBuildFile section */
		49091D3C2187F609000F6FBE /* Main+SwinjectStoryboard.swift in Sources */ = {isa = PBXBuildFile; fileRef = 49091D3B2187F609000F6FBE /* Main+SwinjectStoryboard.swift */; };
		490B67CF218BE808003B4CFF /* Localizable.strings in Resources */ = {isa = PBXBuildFile; fileRef = 490B67D1218BE808003B4CFF /* Localizable.strings */; };
		490B67D5218BE927003B4CFF /* AppDelegateAssembly.swift in Sources */ = {isa = PBXBuildFile; fileRef = 490B67D4218BE927003B4CFF /* AppDelegateAssembly.swift */; };
		490B67D8218BE998003B4CFF /* AppearanceConfigurator.swift in Sources */ = {isa = PBXBuildFile; fileRef = 490B67D7218BE998003B4CFF /* AppearanceConfigurator.swift */; };
		490B67DA218BE9B4003B4CFF /* AppearanceConfiguratorImpl.swift in Sources */ = {isa = PBXBuildFile; fileRef = 490B67D9218BE9B4003B4CFF /* AppearanceConfiguratorImpl.swift */; };
		490B67DE218BEEEF003B4CFF /* GiphyAssembly.swift in Sources */ = {isa = PBXBuildFile; fileRef = 490B67DD218BEEEF003B4CFF /* GiphyAssembly.swift */; };
		490B67E1218BEF37003B4CFF /* GiphyViewController.swift in Sources */ = {isa = PBXBuildFile; fileRef = 490B67E0218BEF37003B4CFF /* GiphyViewController.swift */; };
		490B67E4218BEF51003B4CFF /* GiphyViewModel.swift in Sources */ = {isa = PBXBuildFile; fileRef = 490B67E3218BEF51003B4CFF /* GiphyViewModel.swift */; };
		490B67E6218BEF86003B4CFF /* GiphyViewInput.swift in Sources */ = {isa = PBXBuildFile; fileRef = 490B67E5218BEF86003B4CFF /* GiphyViewInput.swift */; };
		490B67E8218BEF91003B4CFF /* GiphyViewOutput.swift in Sources */ = {isa = PBXBuildFile; fileRef = 490B67E7218BEF91003B4CFF /* GiphyViewOutput.swift */; };
		490B67EB218BF131003B4CFF /* MainRouter.swift in Sources */ = {isa = PBXBuildFile; fileRef = 490B67EA218BF131003B4CFF /* MainRouter.swift */; };
		490B67EE218BF441003B4CFF /* Giphy.storyboard in Resources */ = {isa = PBXBuildFile; fileRef = 490B67ED218BF441003B4CFF /* Giphy.storyboard */; };
		49157407218712E7001F704D /* MainAssembly.swift in Sources */ = {isa = PBXBuildFile; fileRef = 49157406218712E7001F704D /* MainAssembly.swift */; };
		49157409218712F1001F704D /* MainViewController.swift in Sources */ = {isa = PBXBuildFile; fileRef = 49157408218712F1001F704D /* MainViewController.swift */; };
		4915740B21871329001F704D /* MainViewModel.swift in Sources */ = {isa = PBXBuildFile; fileRef = 4915740A21871329001F704D /* MainViewModel.swift */; };
		4915740D21871340001F704D /* MainFactoryImpl.swift in Sources */ = {isa = PBXBuildFile; fileRef = 4915740C21871340001F704D /* MainFactoryImpl.swift */; };
		4915741021871451001F704D /* MainViewInput.swift in Sources */ = {isa = PBXBuildFile; fileRef = 4915740F21871451001F704D /* MainViewInput.swift */; };
		491574122187145F001F704D /* MainViewOutput.swift in Sources */ = {isa = PBXBuildFile; fileRef = 491574112187145F001F704D /* MainViewOutput.swift */; };
		4915741621871589001F704D /* MainCollectionViewCell.swift in Sources */ = {isa = PBXBuildFile; fileRef = 4915741421871589001F704D /* MainCollectionViewCell.swift */; };
		4915741721871589001F704D /* MainCollectionViewCell.xib in Resources */ = {isa = PBXBuildFile; fileRef = 4915741521871589001F704D /* MainCollectionViewCell.xib */; };
		4915741A218715A8001F704D /* MainCollectionViewCellObject.swift in Sources */ = {isa = PBXBuildFile; fileRef = 49157419218715A8001F704D /* MainCollectionViewCellObject.swift */; };
		4915741D218715D2001F704D /* MainFactory.swift in Sources */ = {isa = PBXBuildFile; fileRef = 4915741C218715D2001F704D /* MainFactory.swift */; };
		491BDFF4218321F6008736AC /* AppDelegate.swift in Sources */ = {isa = PBXBuildFile; fileRef = 491BDFF3218321F6008736AC /* AppDelegate.swift */; };
		491BDFF9218321F6008736AC /* Main.storyboard in Resources */ = {isa = PBXBuildFile; fileRef = 491BDFF7218321F6008736AC /* Main.storyboard */; };
		491BDFFC218321F6008736AC /* Favorites.xcdatamodeld in Sources */ = {isa = PBXBuildFile; fileRef = 491BDFFA218321F6008736AC /* Favorites.xcdatamodeld */; };
		491BDFFE218321F9008736AC /* Assets.xcassets in Resources */ = {isa = PBXBuildFile; fileRef = 491BDFFD218321F9008736AC /* Assets.xcassets */; };
		491BE001218321F9008736AC /* LaunchScreen.storyboard in Resources */ = {isa = PBXBuildFile; fileRef = 491BDFFF218321F9008736AC /* LaunchScreen.storyboard */; };
		491BE00C218321F9008736AC /* FavoritesTests.swift in Sources */ = {isa = PBXBuildFile; fileRef = 491BE00B218321F9008736AC /* FavoritesTests.swift */; };
		491BE017218321F9008736AC /* FavoritesUITests.swift in Sources */ = {isa = PBXBuildFile; fileRef = 491BE016218321F9008736AC /* FavoritesUITests.swift */; };
		96953A755EEB4FC4F0DCCBA8 /* Pods_FavoritesUITests.framework in Frameworks */ = {isa = PBXBuildFile; fileRef = 97781C12032AAD2AAF074307 /* Pods_FavoritesUITests.framework */; };
		A60120C24080F6497FD022AE /* Pods_FavoritesTests.framework in Frameworks */ = {isa = PBXBuildFile; fileRef = CBC9CEFD3BEF4D362FFFB61A /* Pods_FavoritesTests.framework */; };
		E39CE5572913FAD0BF4F5F61 /* Pods_Favorites.framework in Frameworks */ = {isa = PBXBuildFile; fileRef = C9EEA30C17FB8E24B70B984E /* Pods_Favorites.framework */; };
/* End PBXBuildFile section */

/* Begin PBXContainerItemProxy section */
		491BE008218321F9008736AC /* PBXContainerItemProxy */ = {
			isa = PBXContainerItemProxy;
			containerPortal = 491BDFE8218321F6008736AC /* Project object */;
			proxyType = 1;
			remoteGlobalIDString = 491BDFEF218321F6008736AC;
			remoteInfo = Favorites;
		};
		491BE013218321F9008736AC /* PBXContainerItemProxy */ = {
			isa = PBXContainerItemProxy;
			containerPortal = 491BDFE8218321F6008736AC /* Project object */;
			proxyType = 1;
			remoteGlobalIDString = 491BDFEF218321F6008736AC;
			remoteInfo = Favorites;
		};
/* End PBXContainerItemProxy section */

/* Begin PBXFileReference section */
		228884F7678BFCEB9AFFF637 /* Pods-Favorites.debug.xcconfig */ = {isa = PBXFileReference; includeInIndex = 1; lastKnownFileType = text.xcconfig; name = "Pods-Favorites.debug.xcconfig"; path = "Pods/Target Support Files/Pods-Favorites/Pods-Favorites.debug.xcconfig"; sourceTree = "<group>"; };
		254B6A030F1F05CDF33D4771 /* Pods-FavoritesTests.debug.xcconfig */ = {isa = PBXFileReference; includeInIndex = 1; lastKnownFileType = text.xcconfig; name = "Pods-FavoritesTests.debug.xcconfig"; path = "Pods/Target Support Files/Pods-FavoritesTests/Pods-FavoritesTests.debug.xcconfig"; sourceTree = "<group>"; };
		2C404CA0612151C037C33C50 /* Pods-FavoritesUITests.debug.xcconfig */ = {isa = PBXFileReference; includeInIndex = 1; lastKnownFileType = text.xcconfig; name = "Pods-FavoritesUITests.debug.xcconfig"; path = "Pods/Target Support Files/Pods-FavoritesUITests/Pods-FavoritesUITests.debug.xcconfig"; sourceTree = "<group>"; };
		48978691891F6D538EB0D19A /* Pods-FavoritesUITests.release.xcconfig */ = {isa = PBXFileReference; includeInIndex = 1; lastKnownFileType = text.xcconfig; name = "Pods-FavoritesUITests.release.xcconfig"; path = "Pods/Target Support Files/Pods-FavoritesUITests/Pods-FavoritesUITests.release.xcconfig"; sourceTree = "<group>"; };
		49091D3B2187F609000F6FBE /* Main+SwinjectStoryboard.swift */ = {isa = PBXFileReference; lastKnownFileType = sourcecode.swift; path = "Main+SwinjectStoryboard.swift"; sourceTree = "<group>"; };
		490B67D0218BE808003B4CFF /* ru */ = {isa = PBXFileReference; lastKnownFileType = text.plist.strings; name = ru; path = ru.lproj/Localizable.strings; sourceTree = "<group>"; };
		490B67D2218BE880003B4CFF /* en */ = {isa = PBXFileReference; lastKnownFileType = text.plist.strings; name = en; path = en.lproj/Localizable.strings; sourceTree = "<group>"; };
		490B67D4218BE927003B4CFF /* AppDelegateAssembly.swift */ = {isa = PBXFileReference; lastKnownFileType = sourcecode.swift; path = AppDelegateAssembly.swift; sourceTree = "<group>"; };
		490B67D7218BE998003B4CFF /* AppearanceConfigurator.swift */ = {isa = PBXFileReference; lastKnownFileType = sourcecode.swift; path = AppearanceConfigurator.swift; sourceTree = "<group>"; };
		490B67D9218BE9B4003B4CFF /* AppearanceConfiguratorImpl.swift */ = {isa = PBXFileReference; lastKnownFileType = sourcecode.swift; path = AppearanceConfiguratorImpl.swift; sourceTree = "<group>"; };
		490B67DD218BEEEF003B4CFF /* GiphyAssembly.swift */ = {isa = PBXFileReference; lastKnownFileType = sourcecode.swift; path = GiphyAssembly.swift; sourceTree = "<group>"; };
		490B67E0218BEF37003B4CFF /* GiphyViewController.swift */ = {isa = PBXFileReference; lastKnownFileType = sourcecode.swift; path = GiphyViewController.swift; sourceTree = "<group>"; };
		490B67E3218BEF51003B4CFF /* GiphyViewModel.swift */ = {isa = PBXFileReference; lastKnownFileType = sourcecode.swift; path = GiphyViewModel.swift; sourceTree = "<group>"; };
		490B67E5218BEF86003B4CFF /* GiphyViewInput.swift */ = {isa = PBXFileReference; lastKnownFileType = sourcecode.swift; path = GiphyViewInput.swift; sourceTree = "<group>"; };
		490B67E7218BEF91003B4CFF /* GiphyViewOutput.swift */ = {isa = PBXFileReference; lastKnownFileType = sourcecode.swift; path = GiphyViewOutput.swift; sourceTree = "<group>"; };
		490B67EA218BF131003B4CFF /* MainRouter.swift */ = {isa = PBXFileReference; lastKnownFileType = sourcecode.swift; path = MainRouter.swift; sourceTree = "<group>"; };
		490B67ED218BF441003B4CFF /* Giphy.storyboard */ = {isa = PBXFileReference; lastKnownFileType = file.storyboard; path = Giphy.storyboard; sourceTree = "<group>"; };
		49157406218712E7001F704D /* MainAssembly.swift */ = {isa = PBXFileReference; lastKnownFileType = sourcecode.swift; path = MainAssembly.swift; sourceTree = "<group>"; };
		49157408218712F1001F704D /* MainViewController.swift */ = {isa = PBXFileReference; lastKnownFileType = sourcecode.swift; path = MainViewController.swift; sourceTree = "<group>"; };
		4915740A21871329001F704D /* MainViewModel.swift */ = {isa = PBXFileReference; lastKnownFileType = sourcecode.swift; path = MainViewModel.swift; sourceTree = "<group>"; };
		4915740C21871340001F704D /* MainFactoryImpl.swift */ = {isa = PBXFileReference; lastKnownFileType = sourcecode.swift; path = MainFactoryImpl.swift; sourceTree = "<group>"; };
		4915740F21871451001F704D /* MainViewInput.swift */ = {isa = PBXFileReference; lastKnownFileType = sourcecode.swift; path = MainViewInput.swift; sourceTree = "<group>"; };
		491574112187145F001F704D /* MainViewOutput.swift */ = {isa = PBXFileReference; lastKnownFileType = sourcecode.swift; path = MainViewOutput.swift; sourceTree = "<group>"; };
		4915741421871589001F704D /* MainCollectionViewCell.swift */ = {isa = PBXFileReference; lastKnownFileType = sourcecode.swift; path = MainCollectionViewCell.swift; sourceTree = "<group>"; };
		4915741521871589001F704D /* MainCollectionViewCell.xib */ = {isa = PBXFileReference; lastKnownFileType = file.xib; path = MainCollectionViewCell.xib; sourceTree = "<group>"; };
		49157419218715A8001F704D /* MainCollectionViewCellObject.swift */ = {isa = PBXFileReference; lastKnownFileType = sourcecode.swift; path = MainCollectionViewCellObject.swift; sourceTree = "<group>"; };
		4915741C218715D2001F704D /* MainFactory.swift */ = {isa = PBXFileReference; lastKnownFileType = sourcecode.swift; path = MainFactory.swift; sourceTree = "<group>"; };
		491BDFF0218321F6008736AC /* Favorites.app */ = {isa = PBXFileReference; explicitFileType = wrapper.application; includeInIndex = 0; path = Favorites.app; sourceTree = BUILT_PRODUCTS_DIR; };
		491BDFF3218321F6008736AC /* AppDelegate.swift */ = {isa = PBXFileReference; lastKnownFileType = sourcecode.swift; path = AppDelegate.swift; sourceTree = "<group>"; };
		491BDFF8218321F6008736AC /* Base */ = {isa = PBXFileReference; lastKnownFileType = file.storyboard; name = Base; path = Base.lproj/Main.storyboard; sourceTree = "<group>"; };
		491BDFFB218321F6008736AC /* Favorites.xcdatamodel */ = {isa = PBXFileReference; lastKnownFileType = wrapper.xcdatamodel; path = Favorites.xcdatamodel; sourceTree = "<group>"; };
		491BDFFD218321F9008736AC /* Assets.xcassets */ = {isa = PBXFileReference; lastKnownFileType = folder.assetcatalog; path = Assets.xcassets; sourceTree = "<group>"; };
		491BE000218321F9008736AC /* Base */ = {isa = PBXFileReference; lastKnownFileType = file.storyboard; name = Base; path = Base.lproj/LaunchScreen.storyboard; sourceTree = "<group>"; };
		491BE002218321F9008736AC /* Info.plist */ = {isa = PBXFileReference; lastKnownFileType = text.plist.xml; path = Info.plist; sourceTree = "<group>"; };
		491BE007218321F9008736AC /* FavoritesTests.xctest */ = {isa = PBXFileReference; explicitFileType = wrapper.cfbundle; includeInIndex = 0; path = FavoritesTests.xctest; sourceTree = BUILT_PRODUCTS_DIR; };
		491BE00B218321F9008736AC /* FavoritesTests.swift */ = {isa = PBXFileReference; lastKnownFileType = sourcecode.swift; path = FavoritesTests.swift; sourceTree = "<group>"; };
		491BE00D218321F9008736AC /* Info.plist */ = {isa = PBXFileReference; lastKnownFileType = text.plist.xml; path = Info.plist; sourceTree = "<group>"; };
		491BE012218321F9008736AC /* FavoritesUITests.xctest */ = {isa = PBXFileReference; explicitFileType = wrapper.cfbundle; includeInIndex = 0; path = FavoritesUITests.xctest; sourceTree = BUILT_PRODUCTS_DIR; };
		491BE016218321F9008736AC /* FavoritesUITests.swift */ = {isa = PBXFileReference; lastKnownFileType = sourcecode.swift; path = FavoritesUITests.swift; sourceTree = "<group>"; };
		491BE018218321F9008736AC /* Info.plist */ = {isa = PBXFileReference; lastKnownFileType = text.plist.xml; path = Info.plist; sourceTree = "<group>"; };
		491BE026218324A5008736AC /* en */ = {isa = PBXFileReference; lastKnownFileType = file.storyboard; name = en; path = en.lproj/LaunchScreen.storyboard; sourceTree = "<group>"; };
		491BE027218324C5008736AC /* ru */ = {isa = PBXFileReference; lastKnownFileType = text.plist.strings; name = ru; path = ru.lproj/Main.strings; sourceTree = "<group>"; };
		491BE029218324D7008736AC /* ru */ = {isa = PBXFileReference; lastKnownFileType = file.storyboard; name = ru; path = ru.lproj/LaunchScreen.storyboard; sourceTree = "<group>"; };
		506AD5A620C8069F8FDE1B90 /* Pods-FavoritesTests.release.xcconfig */ = {isa = PBXFileReference; includeInIndex = 1; lastKnownFileType = text.xcconfig; name = "Pods-FavoritesTests.release.xcconfig"; path = "Pods/Target Support Files/Pods-FavoritesTests/Pods-FavoritesTests.release.xcconfig"; sourceTree = "<group>"; };
		7D634E6A84B0BBD25EB32608 /* Pods-Favorites.release.xcconfig */ = {isa = PBXFileReference; includeInIndex = 1; lastKnownFileType = text.xcconfig; name = "Pods-Favorites.release.xcconfig"; path = "Pods/Target Support Files/Pods-Favorites/Pods-Favorites.release.xcconfig"; sourceTree = "<group>"; };
		97781C12032AAD2AAF074307 /* Pods_FavoritesUITests.framework */ = {isa = PBXFileReference; explicitFileType = wrapper.framework; includeInIndex = 0; path = Pods_FavoritesUITests.framework; sourceTree = BUILT_PRODUCTS_DIR; };
		C9EEA30C17FB8E24B70B984E /* Pods_Favorites.framework */ = {isa = PBXFileReference; explicitFileType = wrapper.framework; includeInIndex = 0; path = Pods_Favorites.framework; sourceTree = BUILT_PRODUCTS_DIR; };
		CBC9CEFD3BEF4D362FFFB61A /* Pods_FavoritesTests.framework */ = {isa = PBXFileReference; explicitFileType = wrapper.framework; includeInIndex = 0; path = Pods_FavoritesTests.framework; sourceTree = BUILT_PRODUCTS_DIR; };
/* End PBXFileReference section */

/* Begin PBXFrameworksBuildPhase section */
		491BDFED218321F6008736AC /* Frameworks */ = {
			isa = PBXFrameworksBuildPhase;
			buildActionMask = 2147483647;
			files = (
				E39CE5572913FAD0BF4F5F61 /* Pods_Favorites.framework in Frameworks */,
			);
			runOnlyForDeploymentPostprocessing = 0;
		};
		491BE004218321F9008736AC /* Frameworks */ = {
			isa = PBXFrameworksBuildPhase;
			buildActionMask = 2147483647;
			files = (
				A60120C24080F6497FD022AE /* Pods_FavoritesTests.framework in Frameworks */,
			);
			runOnlyForDeploymentPostprocessing = 0;
		};
		491BE00F218321F9008736AC /* Frameworks */ = {
			isa = PBXFrameworksBuildPhase;
			buildActionMask = 2147483647;
			files = (
				96953A755EEB4FC4F0DCCBA8 /* Pods_FavoritesUITests.framework in Frameworks */,
			);
			runOnlyForDeploymentPostprocessing = 0;
		};
/* End PBXFrameworksBuildPhase section */

/* Begin PBXGroup section */
		22B1A1377335DA936D4CC4F1 /* Pods */ = {
			isa = PBXGroup;
			children = (
				228884F7678BFCEB9AFFF637 /* Pods-Favorites.debug.xcconfig */,
				7D634E6A84B0BBD25EB32608 /* Pods-Favorites.release.xcconfig */,
				254B6A030F1F05CDF33D4771 /* Pods-FavoritesTests.debug.xcconfig */,
				506AD5A620C8069F8FDE1B90 /* Pods-FavoritesTests.release.xcconfig */,
				2C404CA0612151C037C33C50 /* Pods-FavoritesUITests.debug.xcconfig */,
				48978691891F6D538EB0D19A /* Pods-FavoritesUITests.release.xcconfig */,
			);
			name = Pods;
			sourceTree = "<group>";
		};
		49091D3D2187F99D000F6FBE /* Storyboard */ = {
			isa = PBXGroup;
			children = (
				491BDFF7218321F6008736AC /* Main.storyboard */,
				49091D3B2187F609000F6FBE /* Main+SwinjectStoryboard.swift */,
			);
			path = Storyboard;
			sourceTree = "<group>";
		};
		49091D3E2187F9B3000F6FBE /* Assembly */ = {
			isa = PBXGroup;
			children = (
				49157406218712E7001F704D /* MainAssembly.swift */,
			);
			path = Assembly;
			sourceTree = "<group>";
		};
		49091D3F2187F9BA000F6FBE /* ViewModel */ = {
			isa = PBXGroup;
			children = (
				4915740A21871329001F704D /* MainViewModel.swift */,
			);
			path = ViewModel;
			sourceTree = "<group>";
		};
		490B67D3218BE916003B4CFF /* AppDelegate */ = {
			isa = PBXGroup;
			children = (
				491BDFF3218321F6008736AC /* AppDelegate.swift */,
				490B67D4218BE927003B4CFF /* AppDelegateAssembly.swift */,
			);
			path = AppDelegate;
			sourceTree = "<group>";
		};
		490B67D6218BE98C003B4CFF /* Helpers */ = {
			isa = PBXGroup;
			children = (
				490B67D7218BE998003B4CFF /* AppearanceConfigurator.swift */,
				490B67D9218BE9B4003B4CFF /* AppearanceConfiguratorImpl.swift */,
			);
			path = Helpers;
			sourceTree = "<group>";
		};
		490B67DB218BEED3003B4CFF /* Giphy */ = {
			isa = PBXGroup;
			children = (
				490B67DC218BEEDF003B4CFF /* Assembly */,
				490B67EC218BF42D003B4CFF /* StoryBoard */,
				490B67DF218BEF28003B4CFF /* ViewController */,
				490B67E2218BEF40003B4CFF /* ViewModel */,
			);
			path = Giphy;
			sourceTree = "<group>";
		};
		490B67DC218BEEDF003B4CFF /* Assembly */ = {
			isa = PBXGroup;
			children = (
				490B67DD218BEEEF003B4CFF /* GiphyAssembly.swift */,
			);
			path = Assembly;
			sourceTree = "<group>";
		};
		490B67DF218BEF28003B4CFF /* ViewController */ = {
			isa = PBXGroup;
			children = (
				490B67E0218BEF37003B4CFF /* GiphyViewController.swift */,
				490B67E5218BEF86003B4CFF /* GiphyViewInput.swift */,
				490B67E7218BEF91003B4CFF /* GiphyViewOutput.swift */,
			);
			path = ViewController;
			sourceTree = "<group>";
		};
		490B67E2218BEF40003B4CFF /* ViewModel */ = {
			isa = PBXGroup;
			children = (
				490B67E3218BEF51003B4CFF /* GiphyViewModel.swift */,
			);
			path = ViewModel;
			sourceTree = "<group>";
		};
		490B67E9218BF122003B4CFF /* Router */ = {
			isa = PBXGroup;
			children = (
				490B67EA218BF131003B4CFF /* MainRouter.swift */,
			);
			path = Router;
			sourceTree = "<group>";
		};
		490B67EC218BF42D003B4CFF /* StoryBoard */ = {
			isa = PBXGroup;
			children = (
				490B67ED218BF441003B4CFF /* Giphy.storyboard */,
			);
			path = StoryBoard;
			sourceTree = "<group>";
		};
		49157405218712D2001F704D /* Main */ = {
			isa = PBXGroup;
			children = (
				49091D3E2187F9B3000F6FBE /* Assembly */,
				491574182187158F001F704D /* Cell */,
				4915741B218715B3001F704D /* Factory */,
				490B67E9218BF122003B4CFF /* Router */,
				49091D3D2187F99D000F6FBE /* Storyboard */,
				4915740E218713C8001F704D /* ViewController */,
				49091D3F2187F9BA000F6FBE /* ViewModel */,
			);
			path = Main;
			sourceTree = "<group>";
		};
		4915740E218713C8001F704D /* ViewController */ = {
			isa = PBXGroup;
			children = (
				49157408218712F1001F704D /* MainViewController.swift */,
				4915740F21871451001F704D /* MainViewInput.swift */,
				491574112187145F001F704D /* MainViewOutput.swift */,
			);
			path = ViewController;
			sourceTree = "<group>";
		};
		491574132187155A001F704D /* UserStories */ = {
			isa = PBXGroup;
			children = (
				490B67DB218BEED3003B4CFF /* Giphy */,
				49157405218712D2001F704D /* Main */,
			);
			path = UserStories;
			sourceTree = "<group>";
		};
		491574182187158F001F704D /* Cell */ = {
			isa = PBXGroup;
			children = (
				4915741421871589001F704D /* MainCollectionViewCell.swift */,
				4915741521871589001F704D /* MainCollectionViewCell.xib */,
				49157419218715A8001F704D /* MainCollectionViewCellObject.swift */,
			);
			path = Cell;
			sourceTree = "<group>";
		};
		4915741B218715B3001F704D /* Factory */ = {
			isa = PBXGroup;
			children = (
				4915741C218715D2001F704D /* MainFactory.swift */,
				4915740C21871340001F704D /* MainFactoryImpl.swift */,
			);
			path = Factory;
			sourceTree = "<group>";
		};
		491BDFE7218321F6008736AC = {
			isa = PBXGroup;
			children = (
				491BDFF2218321F6008736AC /* Favorites */,
				491BE00A218321F9008736AC /* FavoritesTests */,
				491BE015218321F9008736AC /* FavoritesUITests */,
				491BDFF1218321F6008736AC /* Products */,
				22B1A1377335DA936D4CC4F1 /* Pods */,
				8797AC835F9B4DDAB15BF3BC /* Frameworks */,
			);
			sourceTree = "<group>";
		};
		491BDFF1218321F6008736AC /* Products */ = {
			isa = PBXGroup;
			children = (
				491BDFF0218321F6008736AC /* Favorites.app */,
				491BE007218321F9008736AC /* FavoritesTests.xctest */,
				491BE012218321F9008736AC /* FavoritesUITests.xctest */,
			);
			name = Products;
			sourceTree = "<group>";
		};
		491BDFF2218321F6008736AC /* Favorites */ = {
			isa = PBXGroup;
			children = (
				490B67D3218BE916003B4CFF /* AppDelegate */,
				491BDFFD218321F9008736AC /* Assets.xcassets */,
				491BDFFA218321F6008736AC /* Favorites.xcdatamodeld */,
				490B67D6218BE98C003B4CFF /* Helpers */,
				491BE002218321F9008736AC /* Info.plist */,
				491BDFFF218321F9008736AC /* LaunchScreen.storyboard */,
				490B67D1218BE808003B4CFF /* Localizable.strings */,
				491574132187155A001F704D /* UserStories */,
			);
			path = Favorites;
			sourceTree = "<group>";
		};
		491BE00A218321F9008736AC /* FavoritesTests */ = {
			isa = PBXGroup;
			children = (
				491BE00B218321F9008736AC /* FavoritesTests.swift */,
				491BE00D218321F9008736AC /* Info.plist */,
			);
			path = FavoritesTests;
			sourceTree = "<group>";
		};
		491BE015218321F9008736AC /* FavoritesUITests */ = {
			isa = PBXGroup;
			children = (
				491BE016218321F9008736AC /* FavoritesUITests.swift */,
				491BE018218321F9008736AC /* Info.plist */,
			);
			path = FavoritesUITests;
			sourceTree = "<group>";
		};
		8797AC835F9B4DDAB15BF3BC /* Frameworks */ = {
			isa = PBXGroup;
			children = (
				C9EEA30C17FB8E24B70B984E /* Pods_Favorites.framework */,
				CBC9CEFD3BEF4D362FFFB61A /* Pods_FavoritesTests.framework */,
				97781C12032AAD2AAF074307 /* Pods_FavoritesUITests.framework */,
			);
			name = Frameworks;
			sourceTree = "<group>";
		};
/* End PBXGroup section */

/* Begin PBXNativeTarget section */
		491BDFEF218321F6008736AC /* Favorites */ = {
			isa = PBXNativeTarget;
			buildConfigurationList = 491BE01B218321F9008736AC /* Build configuration list for PBXNativeTarget "Favorites" */;
			buildPhases = (
				F137F0C1CBD1A2B70D0FC6F1 /* [CP] Check Pods Manifest.lock */,
				491BDFEC218321F6008736AC /* Sources */,
				491BDFED218321F6008736AC /* Frameworks */,
				491BDFEE218321F6008736AC /* Resources */,
				67D2843C29E8C571820BB59B /* [CP] Embed Pods Frameworks */,
			);
			buildRules = (
			);
			dependencies = (
			);
			name = Favorites;
			productName = Favorites;
			productReference = 491BDFF0218321F6008736AC /* Favorites.app */;
			productType = "com.apple.product-type.application";
		};
		491BE006218321F9008736AC /* FavoritesTests */ = {
			isa = PBXNativeTarget;
			buildConfigurationList = 491BE01E218321F9008736AC /* Build configuration list for PBXNativeTarget "FavoritesTests" */;
			buildPhases = (
				F2B5F12111A93626C59D2CC6 /* [CP] Check Pods Manifest.lock */,
				491BE003218321F9008736AC /* Sources */,
				491BE004218321F9008736AC /* Frameworks */,
				491BE005218321F9008736AC /* Resources */,
			);
			buildRules = (
			);
			dependencies = (
				491BE009218321F9008736AC /* PBXTargetDependency */,
			);
			name = FavoritesTests;
			productName = FavoritesTests;
			productReference = 491BE007218321F9008736AC /* FavoritesTests.xctest */;
			productType = "com.apple.product-type.bundle.unit-test";
		};
		491BE011218321F9008736AC /* FavoritesUITests */ = {
			isa = PBXNativeTarget;
			buildConfigurationList = 491BE021218321F9008736AC /* Build configuration list for PBXNativeTarget "FavoritesUITests" */;
			buildPhases = (
				0C404C303BB5D7B8A5F7CC4A /* [CP] Check Pods Manifest.lock */,
				491BE00E218321F9008736AC /* Sources */,
				491BE00F218321F9008736AC /* Frameworks */,
				491BE010218321F9008736AC /* Resources */,
			);
			buildRules = (
			);
			dependencies = (
				491BE014218321F9008736AC /* PBXTargetDependency */,
			);
			name = FavoritesUITests;
			productName = FavoritesUITests;
			productReference = 491BE012218321F9008736AC /* FavoritesUITests.xctest */;
			productType = "com.apple.product-type.bundle.ui-testing";
		};
/* End PBXNativeTarget section */

/* Begin PBXProject section */
		491BDFE8218321F6008736AC /* Project object */ = {
			isa = PBXProject;
			attributes = {
				LastSwiftUpdateCheck = 1000;
				LastUpgradeCheck = 1000;
				ORGANIZATIONNAME = "Татьяна";
				TargetAttributes = {
					491BDFEF218321F6008736AC = {
						CreatedOnToolsVersion = 10.0;
					};
					491BE006218321F9008736AC = {
						CreatedOnToolsVersion = 10.0;
						TestTargetID = 491BDFEF218321F6008736AC;
					};
					491BE011218321F9008736AC = {
						CreatedOnToolsVersion = 10.0;
						TestTargetID = 491BDFEF218321F6008736AC;
					};
				};
			};
			buildConfigurationList = 491BDFEB218321F6008736AC /* Build configuration list for PBXProject "Favorites" */;
			compatibilityVersion = "Xcode 9.3";
			developmentRegion = en;
			hasScannedForEncodings = 0;
			knownRegions = (
				en,
				Base,
			);
			mainGroup = 491BDFE7218321F6008736AC;
			productRefGroup = 491BDFF1218321F6008736AC /* Products */;
			projectDirPath = "";
			projectRoot = "";
			targets = (
				491BDFEF218321F6008736AC /* Favorites */,
				491BE006218321F9008736AC /* FavoritesTests */,
				491BE011218321F9008736AC /* FavoritesUITests */,
			);
		};
/* End PBXProject section */

/* Begin PBXResourcesBuildPhase section */
		491BDFEE218321F6008736AC /* Resources */ = {
			isa = PBXResourcesBuildPhase;
			buildActionMask = 2147483647;
			files = (
				490B67CF218BE808003B4CFF /* Localizable.strings in Resources */,
				491BE001218321F9008736AC /* LaunchScreen.storyboard in Resources */,
				491BDFFE218321F9008736AC /* Assets.xcassets in Resources */,
				4915741721871589001F704D /* MainCollectionViewCell.xib in Resources */,
				490B67EE218BF441003B4CFF /* Giphy.storyboard in Resources */,
				491BDFF9218321F6008736AC /* Main.storyboard in Resources */,
			);
			runOnlyForDeploymentPostprocessing = 0;
		};
		491BE005218321F9008736AC /* Resources */ = {
			isa = PBXResourcesBuildPhase;
			buildActionMask = 2147483647;
			files = (
			);
			runOnlyForDeploymentPostprocessing = 0;
		};
		491BE010218321F9008736AC /* Resources */ = {
			isa = PBXResourcesBuildPhase;
			buildActionMask = 2147483647;
			files = (
			);
			runOnlyForDeploymentPostprocessing = 0;
		};
/* End PBXResourcesBuildPhase section */

/* Begin PBXShellScriptBuildPhase section */
		0C404C303BB5D7B8A5F7CC4A /* [CP] Check Pods Manifest.lock */ = {
			isa = PBXShellScriptBuildPhase;
			buildActionMask = 2147483647;
			files = (
			);
			inputFileListPaths = (
			);
			inputPaths = (
				"${PODS_PODFILE_DIR_PATH}/Podfile.lock",
				"${PODS_ROOT}/Manifest.lock",
			);
			name = "[CP] Check Pods Manifest.lock";
			outputFileListPaths = (
			);
			outputPaths = (
				"$(DERIVED_FILE_DIR)/Pods-FavoritesUITests-checkManifestLockResult.txt",
			);
			runOnlyForDeploymentPostprocessing = 0;
			shellPath = /bin/sh;
			shellScript = "diff \"${PODS_PODFILE_DIR_PATH}/Podfile.lock\" \"${PODS_ROOT}/Manifest.lock\" > /dev/null\nif [ $? != 0 ] ; then\n    # print error to STDERR\n    echo \"error: The sandbox is not in sync with the Podfile.lock. Run 'pod install' or update your CocoaPods installation.\" >&2\n    exit 1\nfi\n# This output is used by Xcode 'outputs' to avoid re-running this script phase.\necho \"SUCCESS\" > \"${SCRIPT_OUTPUT_FILE_0}\"\n";
			showEnvVarsInLog = 0;
		};
		67D2843C29E8C571820BB59B /* [CP] Embed Pods Frameworks */ = {
			isa = PBXShellScriptBuildPhase;
			buildActionMask = 2147483647;
			files = (
			);
			inputFileListPaths = (
			);
			inputPaths = (
				"${SRCROOT}/Pods/Target Support Files/Pods-Favorites/Pods-Favorites-frameworks.sh",
				"${BUILT_PRODUCTS_DIR}/IGListKit/IGListKit.framework",
				"${BUILT_PRODUCTS_DIR}/Swinject/Swinject.framework",
				"${BUILT_PRODUCTS_DIR}/SwinjectStoryboard/SwinjectStoryboard.framework",
			);
			name = "[CP] Embed Pods Frameworks";
			outputFileListPaths = (
			);
			outputPaths = (
				"${TARGET_BUILD_DIR}/${FRAMEWORKS_FOLDER_PATH}/IGListKit.framework",
				"${TARGET_BUILD_DIR}/${FRAMEWORKS_FOLDER_PATH}/Swinject.framework",
				"${TARGET_BUILD_DIR}/${FRAMEWORKS_FOLDER_PATH}/SwinjectStoryboard.framework",
			);
			runOnlyForDeploymentPostprocessing = 0;
			shellPath = /bin/sh;
			shellScript = "\"${SRCROOT}/Pods/Target Support Files/Pods-Favorites/Pods-Favorites-frameworks.sh\"\n";
			showEnvVarsInLog = 0;
		};
		F137F0C1CBD1A2B70D0FC6F1 /* [CP] Check Pods Manifest.lock */ = {
			isa = PBXShellScriptBuildPhase;
			buildActionMask = 2147483647;
			files = (
			);
			inputFileListPaths = (
			);
			inputPaths = (
				"${PODS_PODFILE_DIR_PATH}/Podfile.lock",
				"${PODS_ROOT}/Manifest.lock",
			);
			name = "[CP] Check Pods Manifest.lock";
			outputFileListPaths = (
			);
			outputPaths = (
				"$(DERIVED_FILE_DIR)/Pods-Favorites-checkManifestLockResult.txt",
			);
			runOnlyForDeploymentPostprocessing = 0;
			shellPath = /bin/sh;
			shellScript = "diff \"${PODS_PODFILE_DIR_PATH}/Podfile.lock\" \"${PODS_ROOT}/Manifest.lock\" > /dev/null\nif [ $? != 0 ] ; then\n    # print error to STDERR\n    echo \"error: The sandbox is not in sync with the Podfile.lock. Run 'pod install' or update your CocoaPods installation.\" >&2\n    exit 1\nfi\n# This output is used by Xcode 'outputs' to avoid re-running this script phase.\necho \"SUCCESS\" > \"${SCRIPT_OUTPUT_FILE_0}\"\n";
			showEnvVarsInLog = 0;
		};
		F2B5F12111A93626C59D2CC6 /* [CP] Check Pods Manifest.lock */ = {
			isa = PBXShellScriptBuildPhase;
			buildActionMask = 2147483647;
			files = (
			);
			inputFileListPaths = (
			);
			inputPaths = (
				"${PODS_PODFILE_DIR_PATH}/Podfile.lock",
				"${PODS_ROOT}/Manifest.lock",
			);
			name = "[CP] Check Pods Manifest.lock";
			outputFileListPaths = (
			);
			outputPaths = (
				"$(DERIVED_FILE_DIR)/Pods-FavoritesTests-checkManifestLockResult.txt",
			);
			runOnlyForDeploymentPostprocessing = 0;
			shellPath = /bin/sh;
			shellScript = "diff \"${PODS_PODFILE_DIR_PATH}/Podfile.lock\" \"${PODS_ROOT}/Manifest.lock\" > /dev/null\nif [ $? != 0 ] ; then\n    # print error to STDERR\n    echo \"error: The sandbox is not in sync with the Podfile.lock. Run 'pod install' or update your CocoaPods installation.\" >&2\n    exit 1\nfi\n# This output is used by Xcode 'outputs' to avoid re-running this script phase.\necho \"SUCCESS\" > \"${SCRIPT_OUTPUT_FILE_0}\"\n";
			showEnvVarsInLog = 0;
		};
/* End PBXShellScriptBuildPhase section */

/* Begin PBXSourcesBuildPhase section */
		491BDFEC218321F6008736AC /* Sources */ = {
			isa = PBXSourcesBuildPhase;
			buildActionMask = 2147483647;
			files = (
				491574122187145F001F704D /* MainViewOutput.swift in Sources */,
				4915741D218715D2001F704D /* MainFactory.swift in Sources */,
				4915741621871589001F704D /* MainCollectionViewCell.swift in Sources */,
				491BDFFC218321F6008736AC /* Favorites.xcdatamodeld in Sources */,
				490B67D8218BE998003B4CFF /* AppearanceConfigurator.swift in Sources */,
				4915741021871451001F704D /* MainViewInput.swift in Sources */,
				4915740D21871340001F704D /* MainFactoryImpl.swift in Sources */,
				490B67DA218BE9B4003B4CFF /* AppearanceConfiguratorImpl.swift in Sources */,
				490B67EB218BF131003B4CFF /* MainRouter.swift in Sources */,
				490B67E4218BEF51003B4CFF /* GiphyViewModel.swift in Sources */,
				490B67E8218BEF91003B4CFF /* GiphyViewOutput.swift in Sources */,
				49157407218712E7001F704D /* MainAssembly.swift in Sources */,
				491BDFF4218321F6008736AC /* AppDelegate.swift in Sources */,
				49091D3C2187F609000F6FBE /* Main+SwinjectStoryboard.swift in Sources */,
				490B67D5218BE927003B4CFF /* AppDelegateAssembly.swift in Sources */,
				49157409218712F1001F704D /* MainViewController.swift in Sources */,
				4915740B21871329001F704D /* MainViewModel.swift in Sources */,
				490B67E1218BEF37003B4CFF /* GiphyViewController.swift in Sources */,
				490B67E6218BEF86003B4CFF /* GiphyViewInput.swift in Sources */,
				4915741A218715A8001F704D /* MainCollectionViewCellObject.swift in Sources */,
				490B67DE218BEEEF003B4CFF /* GiphyAssembly.swift in Sources */,
			);
			runOnlyForDeploymentPostprocessing = 0;
		};
		491BE003218321F9008736AC /* Sources */ = {
			isa = PBXSourcesBuildPhase;
			buildActionMask = 2147483647;
			files = (
				491BE00C218321F9008736AC /* FavoritesTests.swift in Sources */,
			);
			runOnlyForDeploymentPostprocessing = 0;
		};
		491BE00E218321F9008736AC /* Sources */ = {
			isa = PBXSourcesBuildPhase;
			buildActionMask = 2147483647;
			files = (
				491BE017218321F9008736AC /* FavoritesUITests.swift in Sources */,
			);
			runOnlyForDeploymentPostprocessing = 0;
		};
/* End PBXSourcesBuildPhase section */

/* Begin PBXTargetDependency section */
		491BE009218321F9008736AC /* PBXTargetDependency */ = {
			isa = PBXTargetDependency;
			target = 491BDFEF218321F6008736AC /* Favorites */;
			targetProxy = 491BE008218321F9008736AC /* PBXContainerItemProxy */;
		};
		491BE014218321F9008736AC /* PBXTargetDependency */ = {
			isa = PBXTargetDependency;
			target = 491BDFEF218321F6008736AC /* Favorites */;
			targetProxy = 491BE013218321F9008736AC /* PBXContainerItemProxy */;
		};
/* End PBXTargetDependency section */

/* Begin PBXVariantGroup section */
		490B67D1218BE808003B4CFF /* Localizable.strings */ = {
			isa = PBXVariantGroup;
			children = (
				490B67D0218BE808003B4CFF /* ru */,
				490B67D2218BE880003B4CFF /* en */,
			);
			name = Localizable.strings;
			sourceTree = "<group>";
		};
		491BDFF7218321F6008736AC /* Main.storyboard */ = {
			isa = PBXVariantGroup;
			children = (
				491BDFF8218321F6008736AC /* Base */,
				491BE027218324C5008736AC /* ru */,
			);
			name = Main.storyboard;
			sourceTree = "<group>";
		};
		491BDFFF218321F9008736AC /* LaunchScreen.storyboard */ = {
			isa = PBXVariantGroup;
			children = (
				491BE000218321F9008736AC /* Base */,
				491BE026218324A5008736AC /* en */,
				491BE029218324D7008736AC /* ru */,
			);
			name = LaunchScreen.storyboard;
			sourceTree = "<group>";
		};
/* End PBXVariantGroup section */

/* Begin XCBuildConfiguration section */
		491BE019218321F9008736AC /* Debug */ = {
			isa = XCBuildConfiguration;
			buildSettings = {
				ALWAYS_SEARCH_USER_PATHS = NO;
				CLANG_ANALYZER_LOCALIZABILITY_NONLOCALIZED = YES;
				CLANG_ANALYZER_NONNULL = YES;
				CLANG_ANALYZER_NUMBER_OBJECT_CONVERSION = YES_AGGRESSIVE;
				CLANG_CXX_LANGUAGE_STANDARD = "gnu++14";
				CLANG_CXX_LIBRARY = "libc++";
				CLANG_ENABLE_MODULES = YES;
				CLANG_ENABLE_OBJC_ARC = YES;
				CLANG_ENABLE_OBJC_WEAK = YES;
				CLANG_WARN_BLOCK_CAPTURE_AUTORELEASING = YES;
				CLANG_WARN_BOOL_CONVERSION = YES;
				CLANG_WARN_COMMA = YES;
				CLANG_WARN_CONSTANT_CONVERSION = YES;
				CLANG_WARN_DEPRECATED_OBJC_IMPLEMENTATIONS = YES;
				CLANG_WARN_DIRECT_OBJC_ISA_USAGE = YES_ERROR;
				CLANG_WARN_DOCUMENTATION_COMMENTS = YES;
				CLANG_WARN_EMPTY_BODY = YES;
				CLANG_WARN_ENUM_CONVERSION = YES;
				CLANG_WARN_INFINITE_RECURSION = YES;
				CLANG_WARN_INT_CONVERSION = YES;
				CLANG_WARN_NON_LITERAL_NULL_CONVERSION = YES;
				CLANG_WARN_OBJC_IMPLICIT_RETAIN_SELF = YES;
				CLANG_WARN_OBJC_LITERAL_CONVERSION = YES;
				CLANG_WARN_OBJC_ROOT_CLASS = YES_ERROR;
				CLANG_WARN_RANGE_LOOP_ANALYSIS = YES;
				CLANG_WARN_STRICT_PROTOTYPES = YES;
				CLANG_WARN_SUSPICIOUS_MOVE = YES;
				CLANG_WARN_UNGUARDED_AVAILABILITY = YES_AGGRESSIVE;
				CLANG_WARN_UNREACHABLE_CODE = YES;
				CLANG_WARN__DUPLICATE_METHOD_MATCH = YES;
				CODE_SIGN_IDENTITY = "iPhone Developer";
				COPY_PHASE_STRIP = NO;
				DEBUG_INFORMATION_FORMAT = dwarf;
				ENABLE_STRICT_OBJC_MSGSEND = YES;
				ENABLE_TESTABILITY = YES;
				GCC_C_LANGUAGE_STANDARD = gnu11;
				GCC_DYNAMIC_NO_PIC = NO;
				GCC_NO_COMMON_BLOCKS = YES;
				GCC_OPTIMIZATION_LEVEL = 0;
				GCC_PREPROCESSOR_DEFINITIONS = (
					"DEBUG=1",
					"$(inherited)",
				);
				GCC_WARN_64_TO_32_BIT_CONVERSION = YES;
				GCC_WARN_ABOUT_RETURN_TYPE = YES_ERROR;
				GCC_WARN_UNDECLARED_SELECTOR = YES;
				GCC_WARN_UNINITIALIZED_AUTOS = YES_AGGRESSIVE;
				GCC_WARN_UNUSED_FUNCTION = YES;
				GCC_WARN_UNUSED_VARIABLE = YES;
				IPHONEOS_DEPLOYMENT_TARGET = 10.0;
				MTL_ENABLE_DEBUG_INFO = INCLUDE_SOURCE;
				MTL_FAST_MATH = YES;
				ONLY_ACTIVE_ARCH = YES;
				SDKROOT = iphoneos;
				SWIFT_ACTIVE_COMPILATION_CONDITIONS = DEBUG;
				SWIFT_OPTIMIZATION_LEVEL = "-Onone";
			};
			name = Debug;
		};
		491BE01A218321F9008736AC /* Release */ = {
			isa = XCBuildConfiguration;
			buildSettings = {
				ALWAYS_SEARCH_USER_PATHS = NO;
				CLANG_ANALYZER_LOCALIZABILITY_NONLOCALIZED = YES;
				CLANG_ANALYZER_NONNULL = YES;
				CLANG_ANALYZER_NUMBER_OBJECT_CONVERSION = YES_AGGRESSIVE;
				CLANG_CXX_LANGUAGE_STANDARD = "gnu++14";
				CLANG_CXX_LIBRARY = "libc++";
				CLANG_ENABLE_MODULES = YES;
				CLANG_ENABLE_OBJC_ARC = YES;
				CLANG_ENABLE_OBJC_WEAK = YES;
				CLANG_WARN_BLOCK_CAPTURE_AUTORELEASING = YES;
				CLANG_WARN_BOOL_CONVERSION = YES;
				CLANG_WARN_COMMA = YES;
				CLANG_WARN_CONSTANT_CONVERSION = YES;
				CLANG_WARN_DEPRECATED_OBJC_IMPLEMENTATIONS = YES;
				CLANG_WARN_DIRECT_OBJC_ISA_USAGE = YES_ERROR;
				CLANG_WARN_DOCUMENTATION_COMMENTS = YES;
				CLANG_WARN_EMPTY_BODY = YES;
				CLANG_WARN_ENUM_CONVERSION = YES;
				CLANG_WARN_INFINITE_RECURSION = YES;
				CLANG_WARN_INT_CONVERSION = YES;
				CLANG_WARN_NON_LITERAL_NULL_CONVERSION = YES;
				CLANG_WARN_OBJC_IMPLICIT_RETAIN_SELF = YES;
				CLANG_WARN_OBJC_LITERAL_CONVERSION = YES;
				CLANG_WARN_OBJC_ROOT_CLASS = YES_ERROR;
				CLANG_WARN_RANGE_LOOP_ANALYSIS = YES;
				CLANG_WARN_STRICT_PROTOTYPES = YES;
				CLANG_WARN_SUSPICIOUS_MOVE = YES;
				CLANG_WARN_UNGUARDED_AVAILABILITY = YES_AGGRESSIVE;
				CLANG_WARN_UNREACHABLE_CODE = YES;
				CLANG_WARN__DUPLICATE_METHOD_MATCH = YES;
				CODE_SIGN_IDENTITY = "iPhone Developer";
				COPY_PHASE_STRIP = NO;
				DEBUG_INFORMATION_FORMAT = "dwarf-with-dsym";
				ENABLE_NS_ASSERTIONS = NO;
				ENABLE_STRICT_OBJC_MSGSEND = YES;
				GCC_C_LANGUAGE_STANDARD = gnu11;
				GCC_NO_COMMON_BLOCKS = YES;
				GCC_WARN_64_TO_32_BIT_CONVERSION = YES;
				GCC_WARN_ABOUT_RETURN_TYPE = YES_ERROR;
				GCC_WARN_UNDECLARED_SELECTOR = YES;
				GCC_WARN_UNINITIALIZED_AUTOS = YES_AGGRESSIVE;
				GCC_WARN_UNUSED_FUNCTION = YES;
				GCC_WARN_UNUSED_VARIABLE = YES;
				IPHONEOS_DEPLOYMENT_TARGET = 10.0;
				MTL_ENABLE_DEBUG_INFO = NO;
				MTL_FAST_MATH = YES;
				SDKROOT = iphoneos;
				SWIFT_COMPILATION_MODE = wholemodule;
				SWIFT_OPTIMIZATION_LEVEL = "-O";
				VALIDATE_PRODUCT = YES;
			};
			name = Release;
		};
		491BE01C218321F9008736AC /* Debug */ = {
			isa = XCBuildConfiguration;
			baseConfigurationReference = 228884F7678BFCEB9AFFF637 /* Pods-Favorites.debug.xcconfig */;
			buildSettings = {
				ASSETCATALOG_COMPILER_APPICON_NAME = AppIcon;
				CODE_SIGN_STYLE = Automatic;
				DEVELOPMENT_TEAM = 4AGU44C96R;
				INFOPLIST_FILE = Favorites/Info.plist;
				LD_RUNPATH_SEARCH_PATHS = (
					"$(inherited)",
					"@executable_path/Frameworks",
				);
				PRODUCT_BUNDLE_IDENTIFIER = com.tyh94.Favorites;
				PRODUCT_NAME = "$(TARGET_NAME)";
				SWIFT_VERSION = 4.2;
				TARGETED_DEVICE_FAMILY = "1,2";
			};
			name = Debug;
		};
		491BE01D218321F9008736AC /* Release */ = {
			isa = XCBuildConfiguration;
			baseConfigurationReference = 7D634E6A84B0BBD25EB32608 /* Pods-Favorites.release.xcconfig */;
			buildSettings = {
				ASSETCATALOG_COMPILER_APPICON_NAME = AppIcon;
				CODE_SIGN_STYLE = Automatic;
				DEVELOPMENT_TEAM = 4AGU44C96R;
				INFOPLIST_FILE = Favorites/Info.plist;
				LD_RUNPATH_SEARCH_PATHS = (
					"$(inherited)",
					"@executable_path/Frameworks",
				);
				PRODUCT_BUNDLE_IDENTIFIER = com.tyh94.Favorites;
				PRODUCT_NAME = "$(TARGET_NAME)";
				SWIFT_VERSION = 4.2;
				TARGETED_DEVICE_FAMILY = "1,2";
			};
			name = Release;
		};
		491BE01F218321F9008736AC /* Debug */ = {
			isa = XCBuildConfiguration;
			baseConfigurationReference = 254B6A030F1F05CDF33D4771 /* Pods-FavoritesTests.debug.xcconfig */;
			buildSettings = {
				ALWAYS_EMBED_SWIFT_STANDARD_LIBRARIES = YES;
				BUNDLE_LOADER = "$(TEST_HOST)";
				CODE_SIGN_STYLE = Automatic;
				DEVELOPMENT_TEAM = 4AGU44C96R;
				INFOPLIST_FILE = FavoritesTests/Info.plist;
				LD_RUNPATH_SEARCH_PATHS = (
					"$(inherited)",
					"@executable_path/Frameworks",
					"@loader_path/Frameworks",
				);
				PRODUCT_BUNDLE_IDENTIFIER = com.tyh94.FavoritesTests;
				PRODUCT_NAME = "$(TARGET_NAME)";
				SWIFT_VERSION = 4.2;
				TARGETED_DEVICE_FAMILY = "1,2";
				TEST_HOST = "$(BUILT_PRODUCTS_DIR)/Favorites.app/Favorites";
			};
			name = Debug;
		};
		491BE020218321F9008736AC /* Release */ = {
			isa = XCBuildConfiguration;
			baseConfigurationReference = 506AD5A620C8069F8FDE1B90 /* Pods-FavoritesTests.release.xcconfig */;
			buildSettings = {
				ALWAYS_EMBED_SWIFT_STANDARD_LIBRARIES = YES;
				BUNDLE_LOADER = "$(TEST_HOST)";
				CODE_SIGN_STYLE = Automatic;
				DEVELOPMENT_TEAM = 4AGU44C96R;
				INFOPLIST_FILE = FavoritesTests/Info.plist;
				LD_RUNPATH_SEARCH_PATHS = (
					"$(inherited)",
					"@executable_path/Frameworks",
					"@loader_path/Frameworks",
				);
				PRODUCT_BUNDLE_IDENTIFIER = com.tyh94.FavoritesTests;
				PRODUCT_NAME = "$(TARGET_NAME)";
				SWIFT_VERSION = 4.2;
				TARGETED_DEVICE_FAMILY = "1,2";
				TEST_HOST = "$(BUILT_PRODUCTS_DIR)/Favorites.app/Favorites";
			};
			name = Release;
		};
		491BE022218321F9008736AC /* Debug */ = {
			isa = XCBuildConfiguration;
			baseConfigurationReference = 2C404CA0612151C037C33C50 /* Pods-FavoritesUITests.debug.xcconfig */;
			buildSettings = {
				ALWAYS_EMBED_SWIFT_STANDARD_LIBRARIES = YES;
				CODE_SIGN_STYLE = Automatic;
				DEVELOPMENT_TEAM = 4AGU44C96R;
				INFOPLIST_FILE = FavoritesUITests/Info.plist;
				LD_RUNPATH_SEARCH_PATHS = (
					"$(inherited)",
					"@executable_path/Frameworks",
					"@loader_path/Frameworks",
				);
				PRODUCT_BUNDLE_IDENTIFIER = com.tyh94.FavoritesUITests;
				PRODUCT_NAME = "$(TARGET_NAME)";
				SWIFT_VERSION = 4.2;
				TARGETED_DEVICE_FAMILY = "1,2";
				TEST_TARGET_NAME = Favorites;
			};
			name = Debug;
		};
		491BE023218321F9008736AC /* Release */ = {
			isa = XCBuildConfiguration;
			baseConfigurationReference = 48978691891F6D538EB0D19A /* Pods-FavoritesUITests.release.xcconfig */;
			buildSettings = {
				ALWAYS_EMBED_SWIFT_STANDARD_LIBRARIES = YES;
				CODE_SIGN_STYLE = Automatic;
				DEVELOPMENT_TEAM = 4AGU44C96R;
				INFOPLIST_FILE = FavoritesUITests/Info.plist;
				LD_RUNPATH_SEARCH_PATHS = (
					"$(inherited)",
					"@executable_path/Frameworks",
					"@loader_path/Frameworks",
				);
				PRODUCT_BUNDLE_IDENTIFIER = com.tyh94.FavoritesUITests;
				PRODUCT_NAME = "$(TARGET_NAME)";
				SWIFT_VERSION = 4.2;
				TARGETED_DEVICE_FAMILY = "1,2";
				TEST_TARGET_NAME = Favorites;
			};
			name = Release;
		};
/* End XCBuildConfiguration section */

/* Begin XCConfigurationList section */
		491BDFEB218321F6008736AC /* Build configuration list for PBXProject "Favorites" */ = {
			isa = XCConfigurationList;
			buildConfigurations = (
				491BE019218321F9008736AC /* Debug */,
				491BE01A218321F9008736AC /* Release */,
			);
			defaultConfigurationIsVisible = 0;
			defaultConfigurationName = Release;
		};
		491BE01B218321F9008736AC /* Build configuration list for PBXNativeTarget "Favorites" */ = {
			isa = XCConfigurationList;
			buildConfigurations = (
				491BE01C218321F9008736AC /* Debug */,
				491BE01D218321F9008736AC /* Release */,
			);
			defaultConfigurationIsVisible = 0;
			defaultConfigurationName = Release;
		};
		491BE01E218321F9008736AC /* Build configuration list for PBXNativeTarget "FavoritesTests" */ = {
			isa = XCConfigurationList;
			buildConfigurations = (
				491BE01F218321F9008736AC /* Debug */,
				491BE020218321F9008736AC /* Release */,
			);
			defaultConfigurationIsVisible = 0;
			defaultConfigurationName = Release;
		};
		491BE021218321F9008736AC /* Build configuration list for PBXNativeTarget "FavoritesUITests" */ = {
			isa = XCConfigurationList;
			buildConfigurations = (
				491BE022218321F9008736AC /* Debug */,
				491BE023218321F9008736AC /* Release */,
			);
			defaultConfigurationIsVisible = 0;
			defaultConfigurationName = Release;
		};
/* End XCConfigurationList section */

/* Begin XCVersionGroup section */
		491BDFFA218321F6008736AC /* Favorites.xcdatamodeld */ = {
			isa = XCVersionGroup;
			children = (
				491BDFFB218321F6008736AC /* Favorites.xcdatamodel */,
			);
			currentVersion = 491BDFFB218321F6008736AC /* Favorites.xcdatamodel */;
			path = Favorites.xcdatamodeld;
			sourceTree = "<group>";
			versionGroupType = wrapper.xcdatamodel;
		};
/* End XCVersionGroup section */
	};
	rootObject = 491BDFE8218321F6008736AC /* Project object */;
}
